
Microsoft Visual Studio Solution File, Format Version 12.00
# Visual Studio 15
VisualStudioVersion = 15.0.25807.0
MinimumVisualStudioVersion = 10.0.40219.1
Project("{2150E333-8FDC-42A3-9474-1A3956D46DE8}") = "Engine", "Engine", "{E6DF3543-F7F5-429B-9EC8-A681C9439740}"
EndProject
Project("{2150E333-8FDC-42A3-9474-1A3956D46DE8}") = "Games", "Games", "{C238FF03-D0A7-481A-BB2F-94082D70B1F0}"
EndProject
Project("{8BC9CEB8-8B4A-11D0-8D11-00A0C91BC942}") = "UE4", "Intermediate\ProjectFiles\UE4.vcxproj", "{A382C1FF-3B70-4384-B854-F9A7E02A08C4}"
EndProject
Project("{8BC9CEB8-8B4A-11D0-8D11-00A0C91BC942}") = "MagicRecall2", "Intermediate\ProjectFiles\MagicRecall2.vcxproj", "{75ACA29C-1CD8-42A8-B5D1-7A75F17D72A5}"
EndProject
Project("{2150E333-8FDC-42A3-9474-1A3956D46DE8}") = "Visualizers", "Visualizers", "{FCDE150C-812C-4B5E-B388-96802F80459E}"
	ProjectSection(SolutionItems) = preProject
		..\..\..\..\..\..\Program Files\Epic Games\UE_4.22\Engine\Extras\VisualStudioDebugging\UE4.natvis = ..\..\..\..\..\..\Program Files\Epic Games\UE_4.22\Engine\Extras\VisualStudioDebugging\UE4.natvis
	EndProjectSection
EndProject
Global
	GlobalSection(SolutionConfigurationPlatforms) = preSolution
		DebugGame Editor|HTML5 = DebugGame Editor|HTML5
		DebugGame Editor|Win32 = DebugGame Editor|Win32
		DebugGame Editor|Win64 = DebugGame Editor|Win64
		DebugGame|HTML5 = DebugGame|HTML5
		DebugGame|Win32 = DebugGame|Win32
		DebugGame|Win64 = DebugGame|Win64
		Development Editor|HTML5 = Development Editor|HTML5
		Development Editor|Win32 = Development Editor|Win32
		Development Editor|Win64 = Development Editor|Win64
		Development|HTML5 = Development|HTML5
		Development|Win32 = Development|Win32
		Development|Win64 = Development|Win64
		Shipping|HTML5 = Shipping|HTML5
		Shipping|Win32 = Shipping|Win32
		Shipping|Win64 = Shipping|Win64
	EndGlobalSection
	GlobalSection(ProjectConfigurationPlatforms) = postSolution
		{A382C1FF-3B70-4384-B854-F9A7E02A08C4}.DebugGame Editor|HTML5.ActiveCfg = BuiltWithUnrealBuildTool|Win32
		{A382C1FF-3B70-4384-B854-F9A7E02A08C4}.DebugGame Editor|Win32.ActiveCfg = BuiltWithUnrealBuildTool|Win32
		{A382C1FF-3B70-4384-B854-F9A7E02A08C4}.DebugGame Editor|Win64.ActiveCfg = BuiltWithUnrealBuildTool|Win32
		{A382C1FF-3B70-4384-B854-F9A7E02A08C4}.DebugGame|HTML5.ActiveCfg = BuiltWithUnrealBuildTool|Win32
		{A382C1FF-3B70-4384-B854-F9A7E02A08C4}.DebugGame|Win32.ActiveCfg = BuiltWithUnrealBuildTool|Win32
		{A382C1FF-3B70-4384-B854-F9A7E02A08C4}.DebugGame|Win64.ActiveCfg = BuiltWithUnrealBuildTool|Win32
		{A382C1FF-3B70-4384-B854-F9A7E02A08C4}.Development Editor|HTML5.ActiveCfg = BuiltWithUnrealBuildTool|Win32
		{A382C1FF-3B70-4384-B854-F9A7E02A08C4}.Development Editor|Win32.ActiveCfg = BuiltWithUnrealBuildTool|Win32
		{A382C1FF-3B70-4384-B854-F9A7E02A08C4}.Development Editor|Win64.ActiveCfg = BuiltWithUnrealBuildTool|Win32
		{A382C1FF-3B70-4384-B854-F9A7E02A08C4}.Development|HTML5.ActiveCfg = BuiltWithUnrealBuildTool|Win32
		{A382C1FF-3B70-4384-B854-F9A7E02A08C4}.Development|Win32.ActiveCfg = BuiltWithUnrealBuildTool|Win32
		{A382C1FF-3B70-4384-B854-F9A7E02A08C4}.Development|Win64.ActiveCfg = BuiltWithUnrealBuildTool|Win32
		{A382C1FF-3B70-4384-B854-F9A7E02A08C4}.Shipping|HTML5.ActiveCfg = BuiltWithUnrealBuildTool|Win32
		{A382C1FF-3B70-4384-B854-F9A7E02A08C4}.Shipping|Win32.ActiveCfg = BuiltWithUnrealBuildTool|Win32
		{A382C1FF-3B70-4384-B854-F9A7E02A08C4}.Shipping|Win64.ActiveCfg = BuiltWithUnrealBuildTool|Win32
		{75ACA29C-1CD8-42A8-B5D1-7A75F17D72A5}.DebugGame Editor|HTML5.ActiveCfg = Invalid|Win32
		{75ACA29C-1CD8-42A8-B5D1-7A75F17D72A5}.DebugGame Editor|Win32.ActiveCfg = Invalid|Win32
		{75ACA29C-1CD8-42A8-B5D1-7A75F17D72A5}.DebugGame Editor|Win64.ActiveCfg = DebugGame_Editor|x64
		{75ACA29C-1CD8-42A8-B5D1-7A75F17D72A5}.DebugGame Editor|Win64.Build.0 = DebugGame_Editor|x64
		{75ACA29C-1CD8-42A8-B5D1-7A75F17D72A5}.DebugGame|HTML5.ActiveCfg = HTML5_DebugGame|Win32
		{75ACA29C-1CD8-42A8-B5D1-7A75F17D72A5}.DebugGame|HTML5.Build.0 = HTML5_DebugGame|Win32
		{75ACA29C-1CD8-42A8-B5D1-7A75F17D72A5}.DebugGame|Win32.ActiveCfg = DebugGame|Win32
		{75ACA29C-1CD8-42A8-B5D1-7A75F17D72A5}.DebugGame|Win32.Build.0 = DebugGame|Win32
		{75ACA29C-1CD8-42A8-B5D1-7A75F17D72A5}.DebugGame|Win64.ActiveCfg = DebugGame|x64
		{75ACA29C-1CD8-42A8-B5D1-7A75F17D72A5}.DebugGame|Win64.Build.0 = DebugGame|x64
		{75ACA29C-1CD8-42A8-B5D1-7A75F17D72A5}.Development Editor|HTML5.ActiveCfg = Invalid|Win32
		{75ACA29C-1CD8-42A8-B5D1-7A75F17D72A5}.Development Editor|Win32.ActiveCfg = Invalid|Win32
		{75ACA29C-1CD8-42A8-B5D1-7A75F17D72A5}.Development Editor|Win64.ActiveCfg = Development_Editor|x64
		{75ACA29C-1CD8-42A8-B5D1-7A75F17D72A5}.Development Editor|Win64.Build.0 = Development_Editor|x64
		{75ACA29C-1CD8-42A8-B5D1-7A75F17D72A5}.Development|HTML5.ActiveCfg = HTML5_Development|Win32
		{75ACA29C-1CD8-42A8-B5D1-7A75F17D72A5}.Development|HTML5.Build.0 = HTML5_Development|Win32
		{75ACA29C-1CD8-42A8-B5D1-7A75F17D72A5}.Development|Win32.ActiveCfg = Development|Win32
		{75ACA29C-1CD8-42A8-B5D1-7A75F17D72A5}.Development|Win32.Build.0 = Development|Win32
		{75ACA29C-1CD8-42A8-B5D1-7A75F17D72A5}.Development|Win64.ActiveCfg = Development|x64
		{75ACA29C-1CD8-42A8-B5D1-7A75F17D72A5}.Development|Win64.Build.0 = Development|x64
		{75ACA29C-1CD8-42A8-B5D1-7A75F17D72A5}.Shipping|HTML5.ActiveCfg = HTML5_Shipping|Win32
		{75ACA29C-1CD8-42A8-B5D1-7A75F17D72A5}.Shipping|HTML5.Build.0 = HTML5_Shipping|Win32
		{75ACA29C-1CD8-42A8-B5D1-7A75F17D72A5}.Shipping|Win32.ActiveCfg = Shipping|Win32
		{75ACA29C-1CD8-42A8-B5D1-7A75F17D72A5}.Shipping|Win32.Build.0 = Shipping|Win32
		{75ACA29C-1CD8-42A8-B5D1-7A75F17D72A5}.Shipping|Win64.ActiveCfg = Shipping|x64
		{75ACA29C-1CD8-42A8-B5D1-7A75F17D72A5}.Shipping|Win64.Build.0 = Shipping|x64
	EndGlobalSection
	GlobalSection(SolutionProperties) = preSolution
		HideSolutionNode = FALSE
	EndGlobalSection
	GlobalSection(NestedProjects) = preSolution
		{A382C1FF-3B70-4384-B854-F9A7E02A08C4} = {E6DF3543-F7F5-429B-9EC8-A681C9439740}
		{75ACA29C-1CD8-42A8-B5D1-7A75F17D72A5} = {C238FF03-D0A7-481A-BB2F-94082D70B1F0}
	EndGlobalSection
EndGlobal
