
Microsoft Visual Studio Solution File, Format Version 12.00
# Visual Studio Version 16
VisualStudioVersion = 16.0.28315.86
MinimumVisualStudioVersion = 10.0.40219.1
Project("{2150E333-8FDC-42A3-9474-1A3956D46DE8}") = "Engine", "Engine", "{3E17D5A1-A49B-4BB0-BA78-7DEFA895EAB5}"
EndProject
Project("{2150E333-8FDC-42A3-9474-1A3956D46DE8}") = "Games", "Games", "{EFF69BF6-5AB7-4530-B420-B71B41D78DD1}"
EndProject
Project("{8BC9CEB8-8B4A-11D0-8D11-00A0C91BC942}") = "UE4", "Intermediate\ProjectFiles\UE4.vcxproj", "{C3CFB08D-02C2-4B8C-B675-9E8518FF9996}"
EndProject
Project("{8BC9CEB8-8B4A-11D0-8D11-00A0C91BC942}") = "MagicRecall2", "Intermediate\ProjectFiles\MagicRecall2.vcxproj", "{5BAEF69F-B408-49B0-BC62-FEA64B7A67BF}"
EndProject
Project("{2150E333-8FDC-42A3-9474-1A3956D46DE8}") = "Visualizers", "Visualizers", "{FA19C3F4-508B-403C-84BC-79288E253A5F}"
	ProjectSection(SolutionItems) = preProject
		..\..\..\epic\UE_4.22\Engine\Extras\VisualStudioDebugging\UE4.natvis = ..\..\..\epic\UE_4.22\Engine\Extras\VisualStudioDebugging\UE4.natvis
	EndProjectSection
EndProject
Global
	GlobalSection(SolutionConfigurationPlatforms) = preSolution
		DebugGame Editor|HTML5 = DebugGame Editor|HTML5
		DebugGame Editor|Win32 = DebugGame Editor|Win32
		DebugGame Editor|Win64 = DebugGame Editor|Win64
		DebugGame|HTML5 = DebugGame|HTML5
		DebugGame|Win32 = DebugGame|Win32
		DebugGame|Win64 = DebugGame|Win64
		Development Editor|HTML5 = Development Editor|HTML5
		Development Editor|Win32 = Development Editor|Win32
		Development Editor|Win64 = Development Editor|Win64
		Development|HTML5 = Development|HTML5
		Development|Win32 = Development|Win32
		Development|Win64 = Development|Win64
		Shipping|HTML5 = Shipping|HTML5
		Shipping|Win32 = Shipping|Win32
		Shipping|Win64 = Shipping|Win64
	EndGlobalSection
	GlobalSection(ProjectConfigurationPlatforms) = postSolution
		{C3CFB08D-02C2-4B8C-B675-9E8518FF9996}.DebugGame Editor|HTML5.ActiveCfg = BuiltWithUnrealBuildTool|Win32
		{C3CFB08D-02C2-4B8C-B675-9E8518FF9996}.DebugGame Editor|Win32.ActiveCfg = BuiltWithUnrealBuildTool|Win32
		{C3CFB08D-02C2-4B8C-B675-9E8518FF9996}.DebugGame Editor|Win64.ActiveCfg = BuiltWithUnrealBuildTool|Win32
		{C3CFB08D-02C2-4B8C-B675-9E8518FF9996}.DebugGame|HTML5.ActiveCfg = BuiltWithUnrealBuildTool|Win32
		{C3CFB08D-02C2-4B8C-B675-9E8518FF9996}.DebugGame|Win32.ActiveCfg = BuiltWithUnrealBuildTool|Win32
		{C3CFB08D-02C2-4B8C-B675-9E8518FF9996}.DebugGame|Win64.ActiveCfg = BuiltWithUnrealBuildTool|Win32
		{C3CFB08D-02C2-4B8C-B675-9E8518FF9996}.Development Editor|HTML5.ActiveCfg = BuiltWithUnrealBuildTool|Win32
		{C3CFB08D-02C2-4B8C-B675-9E8518FF9996}.Development Editor|Win32.ActiveCfg = BuiltWithUnrealBuildTool|Win32
		{C3CFB08D-02C2-4B8C-B675-9E8518FF9996}.Development Editor|Win64.ActiveCfg = BuiltWithUnrealBuildTool|Win32
		{C3CFB08D-02C2-4B8C-B675-9E8518FF9996}.Development|HTML5.ActiveCfg = BuiltWithUnrealBuildTool|Win32
		{C3CFB08D-02C2-4B8C-B675-9E8518FF9996}.Development|Win32.ActiveCfg = BuiltWithUnrealBuildTool|Win32
		{C3CFB08D-02C2-4B8C-B675-9E8518FF9996}.Development|Win64.ActiveCfg = BuiltWithUnrealBuildTool|Win32
		{C3CFB08D-02C2-4B8C-B675-9E8518FF9996}.Shipping|HTML5.ActiveCfg = BuiltWithUnrealBuildTool|Win32
		{C3CFB08D-02C2-4B8C-B675-9E8518FF9996}.Shipping|Win32.ActiveCfg = BuiltWithUnrealBuildTool|Win32
		{C3CFB08D-02C2-4B8C-B675-9E8518FF9996}.Shipping|Win64.ActiveCfg = BuiltWithUnrealBuildTool|Win32
		{5BAEF69F-B408-49B0-BC62-FEA64B7A67BF}.DebugGame Editor|HTML5.ActiveCfg = Invalid|Win32
		{5BAEF69F-B408-49B0-BC62-FEA64B7A67BF}.DebugGame Editor|Win32.ActiveCfg = Invalid|Win32
		{5BAEF69F-B408-49B0-BC62-FEA64B7A67BF}.DebugGame Editor|Win64.ActiveCfg = DebugGame_Editor|x64
		{5BAEF69F-B408-49B0-BC62-FEA64B7A67BF}.DebugGame Editor|Win64.Build.0 = DebugGame_Editor|x64
		{5BAEF69F-B408-49B0-BC62-FEA64B7A67BF}.DebugGame|HTML5.ActiveCfg = HTML5_DebugGame|Win32
		{5BAEF69F-B408-49B0-BC62-FEA64B7A67BF}.DebugGame|HTML5.Build.0 = HTML5_DebugGame|Win32
		{5BAEF69F-B408-49B0-BC62-FEA64B7A67BF}.DebugGame|Win32.ActiveCfg = DebugGame|Win32
		{5BAEF69F-B408-49B0-BC62-FEA64B7A67BF}.DebugGame|Win32.Build.0 = DebugGame|Win32
		{5BAEF69F-B408-49B0-BC62-FEA64B7A67BF}.DebugGame|Win64.ActiveCfg = DebugGame|x64
		{5BAEF69F-B408-49B0-BC62-FEA64B7A67BF}.DebugGame|Win64.Build.0 = DebugGame|x64
		{5BAEF69F-B408-49B0-BC62-FEA64B7A67BF}.Development Editor|HTML5.ActiveCfg = Invalid|Win32
		{5BAEF69F-B408-49B0-BC62-FEA64B7A67BF}.Development Editor|Win32.ActiveCfg = Invalid|Win32
		{5BAEF69F-B408-49B0-BC62-FEA64B7A67BF}.Development Editor|Win64.ActiveCfg = Development_Editor|x64
		{5BAEF69F-B408-49B0-BC62-FEA64B7A67BF}.Development Editor|Win64.Build.0 = Development_Editor|x64
		{5BAEF69F-B408-49B0-BC62-FEA64B7A67BF}.Development|HTML5.ActiveCfg = HTML5_Development|Win32
		{5BAEF69F-B408-49B0-BC62-FEA64B7A67BF}.Development|HTML5.Build.0 = HTML5_Development|Win32
		{5BAEF69F-B408-49B0-BC62-FEA64B7A67BF}.Development|Win32.ActiveCfg = Development|Win32
		{5BAEF69F-B408-49B0-BC62-FEA64B7A67BF}.Development|Win32.Build.0 = Development|Win32
		{5BAEF69F-B408-49B0-BC62-FEA64B7A67BF}.Development|Win64.ActiveCfg = Development|x64
		{5BAEF69F-B408-49B0-BC62-FEA64B7A67BF}.Development|Win64.Build.0 = Development|x64
		{5BAEF69F-B408-49B0-BC62-FEA64B7A67BF}.Shipping|HTML5.ActiveCfg = HTML5_Shipping|Win32
		{5BAEF69F-B408-49B0-BC62-FEA64B7A67BF}.Shipping|HTML5.Build.0 = HTML5_Shipping|Win32
		{5BAEF69F-B408-49B0-BC62-FEA64B7A67BF}.Shipping|Win32.ActiveCfg = Shipping|Win32
		{5BAEF69F-B408-49B0-BC62-FEA64B7A67BF}.Shipping|Win32.Build.0 = Shipping|Win32
		{5BAEF69F-B408-49B0-BC62-FEA64B7A67BF}.Shipping|Win64.ActiveCfg = Shipping|x64
		{5BAEF69F-B408-49B0-BC62-FEA64B7A67BF}.Shipping|Win64.Build.0 = Shipping|x64
	EndGlobalSection
	GlobalSection(SolutionProperties) = preSolution
		HideSolutionNode = FALSE
	EndGlobalSection
	GlobalSection(NestedProjects) = preSolution
		{C3CFB08D-02C2-4B8C-B675-9E8518FF9996} = {3E17D5A1-A49B-4BB0-BA78-7DEFA895EAB5}
		{5BAEF69F-B408-49B0-BC62-FEA64B7A67BF} = {EFF69BF6-5AB7-4530-B420-B71B41D78DD1}
	EndGlobalSection
EndGlobal
